// !$*UTF8*$!
{
	archiveVersion = 1;
	classes = {
	};
	objectVersion = 46;
	objects = {

/* Begin PBXBuildFile section */
		E5041B551C384CF900A4E54D /* MessageTVC.m in Sources */ = {isa = PBXBuildFile; fileRef = E5041B531C384CF900A4E54D /* MessageTVC.m */; };
		E5041B561C384CF900A4E54D /* MessageTVC.xib in Resources */ = {isa = PBXBuildFile; fileRef = E5041B541C384CF900A4E54D /* MessageTVC.xib */; };
		E50B5F3F1C3E42E10037D729 /* ScheduleTVC.m in Sources */ = {isa = PBXBuildFile; fileRef = E50B5F3D1C3E42E10037D729 /* ScheduleTVC.m */; };
		E50B5F401C3E42E10037D729 /* ScheduleTVC.xib in Resources */ = {isa = PBXBuildFile; fileRef = E50B5F3E1C3E42E10037D729 /* ScheduleTVC.xib */; };
		E521F6951B5DA9E5006AA29B /* main.m in Sources */ = {isa = PBXBuildFile; fileRef = E521F6941B5DA9E5006AA29B /* main.m */; };
		E521F6981B5DA9E5006AA29B /* AppDelegate.m in Sources */ = {isa = PBXBuildFile; fileRef = E521F6971B5DA9E5006AA29B /* AppDelegate.m */; };
		E521F6A01B5DA9E5006AA29B /* Images.xcassets in Resources */ = {isa = PBXBuildFile; fileRef = E521F69F1B5DA9E5006AA29B /* Images.xcassets */; };
		E521F6AF1B5DA9E5006AA29B /* SniffTests.m in Sources */ = {isa = PBXBuildFile; fileRef = E521F6AE1B5DA9E5006AA29B /* SniffTests.m */; };
		E521F6CA1B5DADD4006AA29B /* LoginVC.m in Sources */ = {isa = PBXBuildFile; fileRef = E521F6C81B5DADD4006AA29B /* LoginVC.m */; };
		E521F6CB1B5DADD4006AA29B /* LoginVC.xib in Resources */ = {isa = PBXBuildFile; fileRef = E521F6C91B5DADD4006AA29B /* LoginVC.xib */; };
		E53BD60B1B8F964100D64CF3 /* FeedbackTableVC.m in Sources */ = {isa = PBXBuildFile; fileRef = E53BD6091B8F964100D64CF3 /* FeedbackTableVC.m */; };
		E53BD60C1B8F964100D64CF3 /* FeedbackTableVC.xib in Resources */ = {isa = PBXBuildFile; fileRef = E53BD60A1B8F964100D64CF3 /* FeedbackTableVC.xib */; };
		E53BD60F1B8F967400D64CF3 /* FeedbackFooterView.m in Sources */ = {isa = PBXBuildFile; fileRef = E53BD60E1B8F967400D64CF3 /* FeedbackFooterView.m */; };
		E53BD6111B8F968500D64CF3 /* FeedbackFooterView.xib in Resources */ = {isa = PBXBuildFile; fileRef = E53BD6101B8F968500D64CF3 /* FeedbackFooterView.xib */; };
		E53BD6151B8F970700D64CF3 /* FeedbackTVC.m in Sources */ = {isa = PBXBuildFile; fileRef = E53BD6131B8F970700D64CF3 /* FeedbackTVC.m */; };
		E53BD6161B8F970700D64CF3 /* FeedbackTVC.xib in Resources */ = {isa = PBXBuildFile; fileRef = E53BD6141B8F970700D64CF3 /* FeedbackTVC.xib */; };
		E54D447B1B5ED2970066231E /* MenuView.m in Sources */ = {isa = PBXBuildFile; fileRef = E54D447A1B5ED2970066231E /* MenuView.m */; };
		E54D447F1B5ED2CF0066231E /* MenuView.xib in Resources */ = {isa = PBXBuildFile; fileRef = E54D447E1B5ED2CF0066231E /* MenuView.xib */; };
		E54D44871B5ED8120066231E /* LoggedUserView.m in Sources */ = {isa = PBXBuildFile; fileRef = E54D44861B5ED8120066231E /* LoggedUserView.m */; };
		E54D44891B5ED8270066231E /* LoggedUserView.xib in Resources */ = {isa = PBXBuildFile; fileRef = E54D44881B5ED8270066231E /* LoggedUserView.xib */; };
		E54D448C1B5ED9C30066231E /* AuthenticationController.m in Sources */ = {isa = PBXBuildFile; fileRef = E54D448B1B5ED9C30066231E /* AuthenticationController.m */; };
		E54D448F1B5EDA730066231E /* User.m in Sources */ = {isa = PBXBuildFile; fileRef = E54D448E1B5EDA730066231E /* User.m */; };
		E54D44A41B5EDE8A0066231E /* AFHTTPRequestOperation.m in Sources */ = {isa = PBXBuildFile; fileRef = E54D44921B5EDE8A0066231E /* AFHTTPRequestOperation.m */; };
		E54D44A51B5EDE8A0066231E /* AFHTTPRequestOperationManager.m in Sources */ = {isa = PBXBuildFile; fileRef = E54D44941B5EDE8A0066231E /* AFHTTPRequestOperationManager.m */; };
		E54D44A61B5EDE8A0066231E /* AFHTTPSessionManager.m in Sources */ = {isa = PBXBuildFile; fileRef = E54D44961B5EDE8A0066231E /* AFHTTPSessionManager.m */; };
		E54D44A71B5EDE8A0066231E /* AFNetworkReachabilityManager.m in Sources */ = {isa = PBXBuildFile; fileRef = E54D44991B5EDE8A0066231E /* AFNetworkReachabilityManager.m */; };
		E54D44A81B5EDE8A0066231E /* AFSecurityPolicy.m in Sources */ = {isa = PBXBuildFile; fileRef = E54D449B1B5EDE8A0066231E /* AFSecurityPolicy.m */; };
		E54D44A91B5EDE8A0066231E /* AFURLConnectionOperation.m in Sources */ = {isa = PBXBuildFile; fileRef = E54D449D1B5EDE8A0066231E /* AFURLConnectionOperation.m */; };
		E54D44AA1B5EDE8A0066231E /* AFURLRequestSerialization.m in Sources */ = {isa = PBXBuildFile; fileRef = E54D449F1B5EDE8A0066231E /* AFURLRequestSerialization.m */; };
		E54D44AB1B5EDE8A0066231E /* AFURLResponseSerialization.m in Sources */ = {isa = PBXBuildFile; fileRef = E54D44A11B5EDE8A0066231E /* AFURLResponseSerialization.m */; };
		E54D44AC1B5EDE8A0066231E /* AFURLSessionManager.m in Sources */ = {isa = PBXBuildFile; fileRef = E54D44A31B5EDE8A0066231E /* AFURLSessionManager.m */; };
		E54D44AF1B5EDEE20066231E /* ServerRequest.m in Sources */ = {isa = PBXBuildFile; fileRef = E54D44AE1B5EDEE20066231E /* ServerRequest.m */; };
		E55D13381BAF3D9000FF1526 /* JoinButtonsView.m in Sources */ = {isa = PBXBuildFile; fileRef = E55D13371BAF3D9000FF1526 /* JoinButtonsView.m */; };
		E55D133A1BAF3DD900FF1526 /* JoinButtonsView.xib in Resources */ = {isa = PBXBuildFile; fileRef = E55D13391BAF3DD900FF1526 /* JoinButtonsView.xib */; };
		E56AE0C71C29F716007D5265 /* MKAnnotationView+WebCache.m in Sources */ = {isa = PBXBuildFile; fileRef = E56AE0A71C29F716007D5265 /* MKAnnotationView+WebCache.m */; };
		E56AE0C81C29F716007D5265 /* NSData+ImageContentType.m in Sources */ = {isa = PBXBuildFile; fileRef = E56AE0A91C29F716007D5265 /* NSData+ImageContentType.m */; };
		E56AE0C91C29F716007D5265 /* SDImageCache.m in Sources */ = {isa = PBXBuildFile; fileRef = E56AE0AB1C29F716007D5265 /* SDImageCache.m */; };
		E56AE0CA1C29F716007D5265 /* SDWebImageCompat.m in Sources */ = {isa = PBXBuildFile; fileRef = E56AE0AD1C29F716007D5265 /* SDWebImageCompat.m */; };
		E56AE0CB1C29F716007D5265 /* SDWebImageDecoder.m in Sources */ = {isa = PBXBuildFile; fileRef = E56AE0AF1C29F716007D5265 /* SDWebImageDecoder.m */; };
		E56AE0CC1C29F716007D5265 /* SDWebImageDownloader.m in Sources */ = {isa = PBXBuildFile; fileRef = E56AE0B11C29F716007D5265 /* SDWebImageDownloader.m */; };
		E56AE0CD1C29F716007D5265 /* SDWebImageDownloaderOperation.m in Sources */ = {isa = PBXBuildFile; fileRef = E56AE0B31C29F716007D5265 /* SDWebImageDownloaderOperation.m */; };
		E56AE0CE1C29F716007D5265 /* SDWebImageManager.m in Sources */ = {isa = PBXBuildFile; fileRef = E56AE0B51C29F716007D5265 /* SDWebImageManager.m */; };
		E56AE0CF1C29F716007D5265 /* SDWebImagePrefetcher.m in Sources */ = {isa = PBXBuildFile; fileRef = E56AE0B81C29F716007D5265 /* SDWebImagePrefetcher.m */; };
		E56AE0D01C29F716007D5265 /* UIButton+WebCache.m in Sources */ = {isa = PBXBuildFile; fileRef = E56AE0BA1C29F716007D5265 /* UIButton+WebCache.m */; };
		E56AE0D11C29F716007D5265 /* UIImage+GIF.m in Sources */ = {isa = PBXBuildFile; fileRef = E56AE0BC1C29F716007D5265 /* UIImage+GIF.m */; };
		E56AE0D21C29F716007D5265 /* UIImage+MultiFormat.m in Sources */ = {isa = PBXBuildFile; fileRef = E56AE0BE1C29F716007D5265 /* UIImage+MultiFormat.m */; };
		E56AE0D31C29F716007D5265 /* UIImage+WebP.m in Sources */ = {isa = PBXBuildFile; fileRef = E56AE0C01C29F716007D5265 /* UIImage+WebP.m */; };
		E56AE0D41C29F716007D5265 /* UIImageView+HighlightedWebCache.m in Sources */ = {isa = PBXBuildFile; fileRef = E56AE0C21C29F716007D5265 /* UIImageView+HighlightedWebCache.m */; };
		E56AE0D51C29F716007D5265 /* UIImageView+WebCache.m in Sources */ = {isa = PBXBuildFile; fileRef = E56AE0C41C29F716007D5265 /* UIImageView+WebCache.m */; };
		E56AE0D61C29F716007D5265 /* UIView+WebCacheOperation.m in Sources */ = {isa = PBXBuildFile; fileRef = E56AE0C61C29F716007D5265 /* UIView+WebCacheOperation.m */; };
		E56F8BAA1C1CF6E800944419 /* Macros.m in Sources */ = {isa = PBXBuildFile; fileRef = E56F8BA91C1CF6E800944419 /* Macros.m */; };
		E57B592C1B79145400E4425D /* EventsTableVC.m in Sources */ = {isa = PBXBuildFile; fileRef = E57B592A1B79145400E4425D /* EventsTableVC.m */; };
		E57B592D1B79145400E4425D /* EventsTableVC.xib in Resources */ = {isa = PBXBuildFile; fileRef = E57B592B1B79145400E4425D /* EventsTableVC.xib */; };
		E57B59301B791C8900E4425D /* EventsController.m in Sources */ = {isa = PBXBuildFile; fileRef = E57B592F1B791C8900E4425D /* EventsController.m */; };
		E59B7A691B793FA00006C950 /* Event.m in Sources */ = {isa = PBXBuildFile; fileRef = E59B7A681B793FA00006C950 /* Event.m */; };
		E59DE98B1C1323F500FE12BB /* Colors.m in Sources */ = {isa = PBXBuildFile; fileRef = E59DE98A1C1323F500FE12BB /* Colors.m */; };
		E59DE98F1C132C9800FE12BB /* FilterEventsVC.m in Sources */ = {isa = PBXBuildFile; fileRef = E59DE98D1C132C9800FE12BB /* FilterEventsVC.m */; };
		E59DE9901C132C9800FE12BB /* FilterEventsVC.xib in Resources */ = {isa = PBXBuildFile; fileRef = E59DE98E1C132C9800FE12BB /* FilterEventsVC.xib */; };
		E59DE9991C1CB68100FE12BB /* CustomNavigationBar.m in Sources */ = {isa = PBXBuildFile; fileRef = E59DE9981C1CB68100FE12BB /* CustomNavigationBar.m */; };
		E5AC87891BADB1AF00B1BEF7 /* SendFeedbackVC.m in Sources */ = {isa = PBXBuildFile; fileRef = E5AC87871BADB1AF00B1BEF7 /* SendFeedbackVC.m */; };
		E5AC878A1BADB1AF00B1BEF7 /* SendFeedbackVC.xib in Resources */ = {isa = PBXBuildFile; fileRef = E5AC87881BADB1AF00B1BEF7 /* SendFeedbackVC.xib */; };
		E5DAE6931B8274AF0021CD2B /* ButtonsTVC.m in Sources */ = {isa = PBXBuildFile; fileRef = E5DAE6911B8274AF0021CD2B /* ButtonsTVC.m */; };
		E5DAE6941B8274AF0021CD2B /* ButtonsTVC.xib in Resources */ = {isa = PBXBuildFile; fileRef = E5DAE6921B8274AF0021CD2B /* ButtonsTVC.xib */; };
		E5DB97C71B83AF010030482A /* ScheduleTableVC.m in Sources */ = {isa = PBXBuildFile; fileRef = E5DB97C51B83AF010030482A /* ScheduleTableVC.m */; };
		E5DB97C81B83AF010030482A /* ScheduleTableVC.xib in Resources */ = {isa = PBXBuildFile; fileRef = E5DB97C61B83AF010030482A /* ScheduleTableVC.xib */; };
		E5DB97CB1B83C0F30030482A /* ScheduleEvent.m in Sources */ = {isa = PBXBuildFile; fileRef = E5DB97CA1B83C0F30030482A /* ScheduleEvent.m */; };
		E5DC43771BACA20A00419B86 /* EventsListTVC.m in Sources */ = {isa = PBXBuildFile; fileRef = E5DC43751BACA20A00419B86 /* EventsListTVC.m */; };
		E5DC43781BACA20A00419B86 /* EventsListTVC.xib in Resources */ = {isa = PBXBuildFile; fileRef = E5DC43761BACA20A00419B86 /* EventsListTVC.xib */; };
		E5DC437C1BACA7E700419B86 /* MenuViewCell.m in Sources */ = {isa = PBXBuildFile; fileRef = E5DC437A1BACA7E700419B86 /* MenuViewCell.m */; };
		E5DC437D1BACA7E700419B86 /* MenuViewCell.xib in Resources */ = {isa = PBXBuildFile; fileRef = E5DC437B1BACA7E700419B86 /* MenuViewCell.xib */; };
		E5DF0EBA1B77F66F004E5573 /* MBProgressHUD.m in Sources */ = {isa = PBXBuildFile; fileRef = E5DF0EB91B77F66F004E5573 /* MBProgressHUD.m */; };
		E5E7EF641BF7D03A00E1081D /* AuthenticationVC.m in Sources */ = {isa = PBXBuildFile; fileRef = E5E7EF621BF7D03A00E1081D /* AuthenticationVC.m */; };
		E5E7EF651BF7D03A00E1081D /* AuthenticationVC.xib in Resources */ = {isa = PBXBuildFile; fileRef = E5E7EF631BF7D03A00E1081D /* AuthenticationVC.xib */; };
		E5E939D21B5EE9D700F1EA92 /* NavigationControllerWithMenu.m in Sources */ = {isa = PBXBuildFile; fileRef = E5E939D11B5EE9D700F1EA92 /* NavigationControllerWithMenu.m */; };
		E5F57B5D1B9E3999000E4247 /* CustomRatingSlider.m in Sources */ = {isa = PBXBuildFile; fileRef = E5F57B5C1B9E3999000E4247 /* CustomRatingSlider.m */; };
		E5F57B601B9E3999000E4247 /* Feedback.m in Sources */ = {isa = PBXBuildFile; fileRef = E5F57B5F1B9E3999000E4247 /* Feedback.m */; };
		E5FAB7C21B7A70AA00BB8BE8 /* EventInfoTableVC.m in Sources */ = {isa = PBXBuildFile; fileRef = E5FAB7C01B7A70AA00BB8BE8 /* EventInfoTableVC.m */; };
		E5FAB7C31B7A70AA00BB8BE8 /* EventInfoTableVC.xib in Resources */ = {isa = PBXBuildFile; fileRef = E5FAB7C11B7A70AA00BB8BE8 /* EventInfoTableVC.xib */; };
		E5FAB7C71B7A70EE00BB8BE8 /* EventTextTVC.m in Sources */ = {isa = PBXBuildFile; fileRef = E5FAB7C51B7A70EE00BB8BE8 /* EventTextTVC.m */; };
		E5FAB7C81B7A70EE00BB8BE8 /* EventTextTVC.xib in Resources */ = {isa = PBXBuildFile; fileRef = E5FAB7C61B7A70EE00BB8BE8 /* EventTextTVC.xib */; };
/* End PBXBuildFile section */

/* Begin PBXContainerItemProxy section */
		E521F6A91B5DA9E5006AA29B /* PBXContainerItemProxy */ = {
			isa = PBXContainerItemProxy;
			containerPortal = E521F6871B5DA9E4006AA29B /* Project object */;
			proxyType = 1;
			remoteGlobalIDString = E521F68E1B5DA9E4006AA29B;
			remoteInfo = Sniff;
		};
/* End PBXContainerItemProxy section */

/* Begin PBXFileReference section */
		E5041B521C384CF900A4E54D /* MessageTVC.h */ = {isa = PBXFileReference; fileEncoding = 4; lastKnownFileType = sourcecode.c.h; name = MessageTVC.h; path = Views/MessageTVC.h; sourceTree = "<group>"; };
		E5041B531C384CF900A4E54D /* MessageTVC.m */ = {isa = PBXFileReference; fileEncoding = 4; lastKnownFileType = sourcecode.c.objc; name = MessageTVC.m; path = Views/MessageTVC.m; sourceTree = "<group>"; };
		E5041B541C384CF900A4E54D /* MessageTVC.xib */ = {isa = PBXFileReference; fileEncoding = 4; lastKnownFileType = file.xib; name = MessageTVC.xib; path = Views/MessageTVC.xib; sourceTree = "<group>"; };
		E50B5F3C1C3E42E10037D729 /* ScheduleTVC.h */ = {isa = PBXFileReference; fileEncoding = 4; lastKnownFileType = sourcecode.c.h; name = ScheduleTVC.h; path = Views/ScheduleTVC.h; sourceTree = "<group>"; };
		E50B5F3D1C3E42E10037D729 /* ScheduleTVC.m */ = {isa = PBXFileReference; fileEncoding = 4; lastKnownFileType = sourcecode.c.objc; name = ScheduleTVC.m; path = Views/ScheduleTVC.m; sourceTree = "<group>"; };
		E50B5F3E1C3E42E10037D729 /* ScheduleTVC.xib */ = {isa = PBXFileReference; fileEncoding = 4; lastKnownFileType = file.xib; name = ScheduleTVC.xib; path = Views/ScheduleTVC.xib; sourceTree = "<group>"; };
		E521F68F1B5DA9E5006AA29B /* Sniff.app */ = {isa = PBXFileReference; explicitFileType = wrapper.application; includeInIndex = 0; path = Sniff.app; sourceTree = BUILT_PRODUCTS_DIR; };
		E521F6931B5DA9E5006AA29B /* Info.plist */ = {isa = PBXFileReference; lastKnownFileType = text.plist.xml; path = Info.plist; sourceTree = "<group>"; };
		E521F6941B5DA9E5006AA29B /* main.m */ = {isa = PBXFileReference; lastKnownFileType = sourcecode.c.objc; path = main.m; sourceTree = "<group>"; };
		E521F6961B5DA9E5006AA29B /* AppDelegate.h */ = {isa = PBXFileReference; lastKnownFileType = sourcecode.c.h; path = AppDelegate.h; sourceTree = "<group>"; };
		E521F6971B5DA9E5006AA29B /* AppDelegate.m */ = {isa = PBXFileReference; lastKnownFileType = sourcecode.c.objc; path = AppDelegate.m; sourceTree = "<group>"; };
		E521F69F1B5DA9E5006AA29B /* Images.xcassets */ = {isa = PBXFileReference; lastKnownFileType = folder.assetcatalog; path = Images.xcassets; sourceTree = "<group>"; };
		E521F6A81B5DA9E5006AA29B /* SniffTests.xctest */ = {isa = PBXFileReference; explicitFileType = wrapper.cfbundle; includeInIndex = 0; path = SniffTests.xctest; sourceTree = BUILT_PRODUCTS_DIR; };
		E521F6AD1B5DA9E5006AA29B /* Info.plist */ = {isa = PBXFileReference; lastKnownFileType = text.plist.xml; path = Info.plist; sourceTree = "<group>"; };
		E521F6AE1B5DA9E5006AA29B /* SniffTests.m */ = {isa = PBXFileReference; lastKnownFileType = sourcecode.c.objc; path = SniffTests.m; sourceTree = "<group>"; };
		E521F6C71B5DADD4006AA29B /* LoginVC.h */ = {isa = PBXFileReference; fileEncoding = 4; lastKnownFileType = sourcecode.c.h; name = LoginVC.h; path = ViewControllers/LoginVC.h; sourceTree = "<group>"; };
		E521F6C81B5DADD4006AA29B /* LoginVC.m */ = {isa = PBXFileReference; fileEncoding = 4; lastKnownFileType = sourcecode.c.objc; name = LoginVC.m; path = ViewControllers/LoginVC.m; sourceTree = "<group>"; };
		E521F6C91B5DADD4006AA29B /* LoginVC.xib */ = {isa = PBXFileReference; fileEncoding = 4; lastKnownFileType = file.xib; name = LoginVC.xib; path = ViewControllers/LoginVC.xib; sourceTree = "<group>"; };
		E53BD6081B8F964100D64CF3 /* FeedbackTableVC.h */ = {isa = PBXFileReference; fileEncoding = 4; lastKnownFileType = sourcecode.c.h; name = FeedbackTableVC.h; path = ViewControllers/FeedbackTableVC.h; sourceTree = "<group>"; };
		E53BD6091B8F964100D64CF3 /* FeedbackTableVC.m */ = {isa = PBXFileReference; fileEncoding = 4; lastKnownFileType = sourcecode.c.objc; name = FeedbackTableVC.m; path = ViewControllers/FeedbackTableVC.m; sourceTree = "<group>"; };
		E53BD60A1B8F964100D64CF3 /* FeedbackTableVC.xib */ = {isa = PBXFileReference; fileEncoding = 4; lastKnownFileType = file.xib; name = FeedbackTableVC.xib; path = ViewControllers/FeedbackTableVC.xib; sourceTree = "<group>"; };
		E53BD60D1B8F967400D64CF3 /* FeedbackFooterView.h */ = {isa = PBXFileReference; fileEncoding = 4; lastKnownFileType = sourcecode.c.h; name = FeedbackFooterView.h; path = Views/FeedbackFooterView.h; sourceTree = "<group>"; };
		E53BD60E1B8F967400D64CF3 /* FeedbackFooterView.m */ = {isa = PBXFileReference; fileEncoding = 4; lastKnownFileType = sourcecode.c.objc; name = FeedbackFooterView.m; path = Views/FeedbackFooterView.m; sourceTree = "<group>"; };
		E53BD6101B8F968500D64CF3 /* FeedbackFooterView.xib */ = {isa = PBXFileReference; fileEncoding = 4; lastKnownFileType = file.xib; path = FeedbackFooterView.xib; sourceTree = "<group>"; };
		E53BD6121B8F970700D64CF3 /* FeedbackTVC.h */ = {isa = PBXFileReference; fileEncoding = 4; lastKnownFileType = sourcecode.c.h; name = FeedbackTVC.h; path = Views/FeedbackTVC.h; sourceTree = "<group>"; };
		E53BD6131B8F970700D64CF3 /* FeedbackTVC.m */ = {isa = PBXFileReference; fileEncoding = 4; lastKnownFileType = sourcecode.c.objc; name = FeedbackTVC.m; path = Views/FeedbackTVC.m; sourceTree = "<group>"; };
		E53BD6141B8F970700D64CF3 /* FeedbackTVC.xib */ = {isa = PBXFileReference; fileEncoding = 4; lastKnownFileType = file.xib; name = FeedbackTVC.xib; path = Views/FeedbackTVC.xib; sourceTree = "<group>"; };
		E54D44791B5ED2970066231E /* MenuView.h */ = {isa = PBXFileReference; fileEncoding = 4; lastKnownFileType = sourcecode.c.h; name = MenuView.h; path = Libraries/NavigationControllerWithMenu/MenuView.h; sourceTree = "<group>"; };
		E54D447A1B5ED2970066231E /* MenuView.m */ = {isa = PBXFileReference; fileEncoding = 4; lastKnownFileType = sourcecode.c.objc; name = MenuView.m; path = Libraries/NavigationControllerWithMenu/MenuView.m; sourceTree = "<group>"; };
		E54D447E1B5ED2CF0066231E /* MenuView.xib */ = {isa = PBXFileReference; fileEncoding = 4; lastKnownFileType = file.xib; name = MenuView.xib; path = Libraries/NavigationControllerWithMenu/MenuView.xib; sourceTree = "<group>"; };
		E54D44851B5ED8120066231E /* LoggedUserView.h */ = {isa = PBXFileReference; fileEncoding = 4; lastKnownFileType = sourcecode.c.h; name = LoggedUserView.h; path = Libraries/NavigationControllerWithMenu/LoggedUserView.h; sourceTree = "<group>"; };
		E54D44861B5ED8120066231E /* LoggedUserView.m */ = {isa = PBXFileReference; fileEncoding = 4; lastKnownFileType = sourcecode.c.objc; name = LoggedUserView.m; path = Libraries/NavigationControllerWithMenu/LoggedUserView.m; sourceTree = "<group>"; };
		E54D44881B5ED8270066231E /* LoggedUserView.xib */ = {isa = PBXFileReference; fileEncoding = 4; lastKnownFileType = file.xib; name = LoggedUserView.xib; path = Libraries/NavigationControllerWithMenu/LoggedUserView.xib; sourceTree = "<group>"; };
		E54D448A1B5ED9C30066231E /* AuthenticationController.h */ = {isa = PBXFileReference; fileEncoding = 4; lastKnownFileType = sourcecode.c.h; name = AuthenticationController.h; path = Controllers/AuthenticationController.h; sourceTree = "<group>"; };
		E54D448B1B5ED9C30066231E /* AuthenticationController.m */ = {isa = PBXFileReference; fileEncoding = 4; lastKnownFileType = sourcecode.c.objc; name = AuthenticationController.m; path = Controllers/AuthenticationController.m; sourceTree = "<group>"; };
		E54D448D1B5EDA730066231E /* User.h */ = {isa = PBXFileReference; fileEncoding = 4; lastKnownFileType = sourcecode.c.h; name = User.h; path = Models/User.h; sourceTree = "<group>"; };
		E54D448E1B5EDA730066231E /* User.m */ = {isa = PBXFileReference; fileEncoding = 4; lastKnownFileType = sourcecode.c.objc; name = User.m; path = Models/User.m; sourceTree = "<group>"; };
		E54D44911B5EDE8A0066231E /* AFHTTPRequestOperation.h */ = {isa = PBXFileReference; fileEncoding = 4; lastKnownFileType = sourcecode.c.h; name = AFHTTPRequestOperation.h; path = Libraries/AFNetworking/AFHTTPRequestOperation.h; sourceTree = "<group>"; };
		E54D44921B5EDE8A0066231E /* AFHTTPRequestOperation.m */ = {isa = PBXFileReference; fileEncoding = 4; lastKnownFileType = sourcecode.c.objc; name = AFHTTPRequestOperation.m; path = Libraries/AFNetworking/AFHTTPRequestOperation.m; sourceTree = "<group>"; };
		E54D44931B5EDE8A0066231E /* AFHTTPRequestOperationManager.h */ = {isa = PBXFileReference; fileEncoding = 4; lastKnownFileType = sourcecode.c.h; name = AFHTTPRequestOperationManager.h; path = Libraries/AFNetworking/AFHTTPRequestOperationManager.h; sourceTree = "<group>"; };
		E54D44941B5EDE8A0066231E /* AFHTTPRequestOperationManager.m */ = {isa = PBXFileReference; fileEncoding = 4; lastKnownFileType = sourcecode.c.objc; name = AFHTTPRequestOperationManager.m; path = Libraries/AFNetworking/AFHTTPRequestOperationManager.m; sourceTree = "<group>"; };
		E54D44951B5EDE8A0066231E /* AFHTTPSessionManager.h */ = {isa = PBXFileReference; fileEncoding = 4; lastKnownFileType = sourcecode.c.h; name = AFHTTPSessionManager.h; path = Libraries/AFNetworking/AFHTTPSessionManager.h; sourceTree = "<group>"; };
		E54D44961B5EDE8A0066231E /* AFHTTPSessionManager.m */ = {isa = PBXFileReference; fileEncoding = 4; lastKnownFileType = sourcecode.c.objc; name = AFHTTPSessionManager.m; path = Libraries/AFNetworking/AFHTTPSessionManager.m; sourceTree = "<group>"; };
		E54D44971B5EDE8A0066231E /* AFNetworking.h */ = {isa = PBXFileReference; fileEncoding = 4; lastKnownFileType = sourcecode.c.h; name = AFNetworking.h; path = Libraries/AFNetworking/AFNetworking.h; sourceTree = "<group>"; };
		E54D44981B5EDE8A0066231E /* AFNetworkReachabilityManager.h */ = {isa = PBXFileReference; fileEncoding = 4; lastKnownFileType = sourcecode.c.h; name = AFNetworkReachabilityManager.h; path = Libraries/AFNetworking/AFNetworkReachabilityManager.h; sourceTree = "<group>"; };
		E54D44991B5EDE8A0066231E /* AFNetworkReachabilityManager.m */ = {isa = PBXFileReference; fileEncoding = 4; lastKnownFileType = sourcecode.c.objc; name = AFNetworkReachabilityManager.m; path = Libraries/AFNetworking/AFNetworkReachabilityManager.m; sourceTree = "<group>"; };
		E54D449A1B5EDE8A0066231E /* AFSecurityPolicy.h */ = {isa = PBXFileReference; fileEncoding = 4; lastKnownFileType = sourcecode.c.h; name = AFSecurityPolicy.h; path = Libraries/AFNetworking/AFSecurityPolicy.h; sourceTree = "<group>"; };
		E54D449B1B5EDE8A0066231E /* AFSecurityPolicy.m */ = {isa = PBXFileReference; fileEncoding = 4; lastKnownFileType = sourcecode.c.objc; name = AFSecurityPolicy.m; path = Libraries/AFNetworking/AFSecurityPolicy.m; sourceTree = "<group>"; };
		E54D449C1B5EDE8A0066231E /* AFURLConnectionOperation.h */ = {isa = PBXFileReference; fileEncoding = 4; lastKnownFileType = sourcecode.c.h; name = AFURLConnectionOperation.h; path = Libraries/AFNetworking/AFURLConnectionOperation.h; sourceTree = "<group>"; };
		E54D449D1B5EDE8A0066231E /* AFURLConnectionOperation.m */ = {isa = PBXFileReference; fileEncoding = 4; lastKnownFileType = sourcecode.c.objc; name = AFURLConnectionOperation.m; path = Libraries/AFNetworking/AFURLConnectionOperation.m; sourceTree = "<group>"; };
		E54D449E1B5EDE8A0066231E /* AFURLRequestSerialization.h */ = {isa = PBXFileReference; fileEncoding = 4; lastKnownFileType = sourcecode.c.h; name = AFURLRequestSerialization.h; path = Libraries/AFNetworking/AFURLRequestSerialization.h; sourceTree = "<group>"; };
		E54D449F1B5EDE8A0066231E /* AFURLRequestSerialization.m */ = {isa = PBXFileReference; fileEncoding = 4; lastKnownFileType = sourcecode.c.objc; name = AFURLRequestSerialization.m; path = Libraries/AFNetworking/AFURLRequestSerialization.m; sourceTree = "<group>"; };
		E54D44A01B5EDE8A0066231E /* AFURLResponseSerialization.h */ = {isa = PBXFileReference; fileEncoding = 4; lastKnownFileType = sourcecode.c.h; name = AFURLResponseSerialization.h; path = Libraries/AFNetworking/AFURLResponseSerialization.h; sourceTree = "<group>"; };
		E54D44A11B5EDE8A0066231E /* AFURLResponseSerialization.m */ = {isa = PBXFileReference; fileEncoding = 4; lastKnownFileType = sourcecode.c.objc; name = AFURLResponseSerialization.m; path = Libraries/AFNetworking/AFURLResponseSerialization.m; sourceTree = "<group>"; };
		E54D44A21B5EDE8A0066231E /* AFURLSessionManager.h */ = {isa = PBXFileReference; fileEncoding = 4; lastKnownFileType = sourcecode.c.h; name = AFURLSessionManager.h; path = Libraries/AFNetworking/AFURLSessionManager.h; sourceTree = "<group>"; };
		E54D44A31B5EDE8A0066231E /* AFURLSessionManager.m */ = {isa = PBXFileReference; fileEncoding = 4; lastKnownFileType = sourcecode.c.objc; name = AFURLSessionManager.m; path = Libraries/AFNetworking/AFURLSessionManager.m; sourceTree = "<group>"; };
		E54D44AD1B5EDEE20066231E /* ServerRequest.h */ = {isa = PBXFileReference; fileEncoding = 4; lastKnownFileType = sourcecode.c.h; name = ServerRequest.h; path = Libraries/ServerRequest.h; sourceTree = "<group>"; };
		E54D44AE1B5EDEE20066231E /* ServerRequest.m */ = {isa = PBXFileReference; fileEncoding = 4; lastKnownFileType = sourcecode.c.objc; name = ServerRequest.m; path = Libraries/ServerRequest.m; sourceTree = "<group>"; };
		E55D13361BAF3D8F00FF1526 /* JoinButtonsView.h */ = {isa = PBXFileReference; fileEncoding = 4; lastKnownFileType = sourcecode.c.h; name = JoinButtonsView.h; path = Views/JoinButtonsView.h; sourceTree = "<group>"; };
		E55D13371BAF3D9000FF1526 /* JoinButtonsView.m */ = {isa = PBXFileReference; fileEncoding = 4; lastKnownFileType = sourcecode.c.objc; name = JoinButtonsView.m; path = Views/JoinButtonsView.m; sourceTree = "<group>"; };
		E55D13391BAF3DD900FF1526 /* JoinButtonsView.xib */ = {isa = PBXFileReference; fileEncoding = 4; lastKnownFileType = file.xib; name = JoinButtonsView.xib; path = Views/JoinButtonsView.xib; sourceTree = "<group>"; };
		E56AE0A61C29F716007D5265 /* MKAnnotationView+WebCache.h */ = {isa = PBXFileReference; fileEncoding = 4; lastKnownFileType = sourcecode.c.h; path = "MKAnnotationView+WebCache.h"; sourceTree = "<group>"; };
		E56AE0A71C29F716007D5265 /* MKAnnotationView+WebCache.m */ = {isa = PBXFileReference; fileEncoding = 4; lastKnownFileType = sourcecode.c.objc; path = "MKAnnotationView+WebCache.m"; sourceTree = "<group>"; };
		E56AE0A81C29F716007D5265 /* NSData+ImageContentType.h */ = {isa = PBXFileReference; fileEncoding = 4; lastKnownFileType = sourcecode.c.h; path = "NSData+ImageContentType.h"; sourceTree = "<group>"; };
		E56AE0A91C29F716007D5265 /* NSData+ImageContentType.m */ = {isa = PBXFileReference; fileEncoding = 4; lastKnownFileType = sourcecode.c.objc; path = "NSData+ImageContentType.m"; sourceTree = "<group>"; };
		E56AE0AA1C29F716007D5265 /* SDImageCache.h */ = {isa = PBXFileReference; fileEncoding = 4; lastKnownFileType = sourcecode.c.h; path = SDImageCache.h; sourceTree = "<group>"; };
		E56AE0AB1C29F716007D5265 /* SDImageCache.m */ = {isa = PBXFileReference; fileEncoding = 4; lastKnownFileType = sourcecode.c.objc; path = SDImageCache.m; sourceTree = "<group>"; };
		E56AE0AC1C29F716007D5265 /* SDWebImageCompat.h */ = {isa = PBXFileReference; fileEncoding = 4; lastKnownFileType = sourcecode.c.h; path = SDWebImageCompat.h; sourceTree = "<group>"; };
		E56AE0AD1C29F716007D5265 /* SDWebImageCompat.m */ = {isa = PBXFileReference; fileEncoding = 4; lastKnownFileType = sourcecode.c.objc; path = SDWebImageCompat.m; sourceTree = "<group>"; };
		E56AE0AE1C29F716007D5265 /* SDWebImageDecoder.h */ = {isa = PBXFileReference; fileEncoding = 4; lastKnownFileType = sourcecode.c.h; path = SDWebImageDecoder.h; sourceTree = "<group>"; };
		E56AE0AF1C29F716007D5265 /* SDWebImageDecoder.m */ = {isa = PBXFileReference; fileEncoding = 4; lastKnownFileType = sourcecode.c.objc; path = SDWebImageDecoder.m; sourceTree = "<group>"; };
		E56AE0B01C29F716007D5265 /* SDWebImageDownloader.h */ = {isa = PBXFileReference; fileEncoding = 4; lastKnownFileType = sourcecode.c.h; path = SDWebImageDownloader.h; sourceTree = "<group>"; };
		E56AE0B11C29F716007D5265 /* SDWebImageDownloader.m */ = {isa = PBXFileReference; fileEncoding = 4; lastKnownFileType = sourcecode.c.objc; path = SDWebImageDownloader.m; sourceTree = "<group>"; };
		E56AE0B21C29F716007D5265 /* SDWebImageDownloaderOperation.h */ = {isa = PBXFileReference; fileEncoding = 4; lastKnownFileType = sourcecode.c.h; path = SDWebImageDownloaderOperation.h; sourceTree = "<group>"; };
		E56AE0B31C29F716007D5265 /* SDWebImageDownloaderOperation.m */ = {isa = PBXFileReference; fileEncoding = 4; lastKnownFileType = sourcecode.c.objc; path = SDWebImageDownloaderOperation.m; sourceTree = "<group>"; };
		E56AE0B41C29F716007D5265 /* SDWebImageManager.h */ = {isa = PBXFileReference; fileEncoding = 4; lastKnownFileType = sourcecode.c.h; path = SDWebImageManager.h; sourceTree = "<group>"; };
		E56AE0B51C29F716007D5265 /* SDWebImageManager.m */ = {isa = PBXFileReference; fileEncoding = 4; lastKnownFileType = sourcecode.c.objc; path = SDWebImageManager.m; sourceTree = "<group>"; };
		E56AE0B61C29F716007D5265 /* SDWebImageOperation.h */ = {isa = PBXFileReference; fileEncoding = 4; lastKnownFileType = sourcecode.c.h; path = SDWebImageOperation.h; sourceTree = "<group>"; };
		E56AE0B71C29F716007D5265 /* SDWebImagePrefetcher.h */ = {isa = PBXFileReference; fileEncoding = 4; lastKnownFileType = sourcecode.c.h; path = SDWebImagePrefetcher.h; sourceTree = "<group>"; };
		E56AE0B81C29F716007D5265 /* SDWebImagePrefetcher.m */ = {isa = PBXFileReference; fileEncoding = 4; lastKnownFileType = sourcecode.c.objc; path = SDWebImagePrefetcher.m; sourceTree = "<group>"; };
		E56AE0B91C29F716007D5265 /* UIButton+WebCache.h */ = {isa = PBXFileReference; fileEncoding = 4; lastKnownFileType = sourcecode.c.h; path = "UIButton+WebCache.h"; sourceTree = "<group>"; };
		E56AE0BA1C29F716007D5265 /* UIButton+WebCache.m */ = {isa = PBXFileReference; fileEncoding = 4; lastKnownFileType = sourcecode.c.objc; path = "UIButton+WebCache.m"; sourceTree = "<group>"; };
		E56AE0BB1C29F716007D5265 /* UIImage+GIF.h */ = {isa = PBXFileReference; fileEncoding = 4; lastKnownFileType = sourcecode.c.h; path = "UIImage+GIF.h"; sourceTree = "<group>"; };
		E56AE0BC1C29F716007D5265 /* UIImage+GIF.m */ = {isa = PBXFileReference; fileEncoding = 4; lastKnownFileType = sourcecode.c.objc; path = "UIImage+GIF.m"; sourceTree = "<group>"; };
		E56AE0BD1C29F716007D5265 /* UIImage+MultiFormat.h */ = {isa = PBXFileReference; fileEncoding = 4; lastKnownFileType = sourcecode.c.h; path = "UIImage+MultiFormat.h"; sourceTree = "<group>"; };
		E56AE0BE1C29F716007D5265 /* UIImage+MultiFormat.m */ = {isa = PBXFileReference; fileEncoding = 4; lastKnownFileType = sourcecode.c.objc; path = "UIImage+MultiFormat.m"; sourceTree = "<group>"; };
		E56AE0BF1C29F716007D5265 /* UIImage+WebP.h */ = {isa = PBXFileReference; fileEncoding = 4; lastKnownFileType = sourcecode.c.h; path = "UIImage+WebP.h"; sourceTree = "<group>"; };
		E56AE0C01C29F716007D5265 /* UIImage+WebP.m */ = {isa = PBXFileReference; fileEncoding = 4; lastKnownFileType = sourcecode.c.objc; path = "UIImage+WebP.m"; sourceTree = "<group>"; };
		E56AE0C11C29F716007D5265 /* UIImageView+HighlightedWebCache.h */ = {isa = PBXFileReference; fileEncoding = 4; lastKnownFileType = sourcecode.c.h; path = "UIImageView+HighlightedWebCache.h"; sourceTree = "<group>"; };
		E56AE0C21C29F716007D5265 /* UIImageView+HighlightedWebCache.m */ = {isa = PBXFileReference; fileEncoding = 4; lastKnownFileType = sourcecode.c.objc; path = "UIImageView+HighlightedWebCache.m"; sourceTree = "<group>"; };
		E56AE0C31C29F716007D5265 /* UIImageView+WebCache.h */ = {isa = PBXFileReference; fileEncoding = 4; lastKnownFileType = sourcecode.c.h; path = "UIImageView+WebCache.h"; sourceTree = "<group>"; };
		E56AE0C41C29F716007D5265 /* UIImageView+WebCache.m */ = {isa = PBXFileReference; fileEncoding = 4; lastKnownFileType = sourcecode.c.objc; path = "UIImageView+WebCache.m"; sourceTree = "<group>"; };
		E56AE0C51C29F716007D5265 /* UIView+WebCacheOperation.h */ = {isa = PBXFileReference; fileEncoding = 4; lastKnownFileType = sourcecode.c.h; path = "UIView+WebCacheOperation.h"; sourceTree = "<group>"; };
		E56AE0C61C29F716007D5265 /* UIView+WebCacheOperation.m */ = {isa = PBXFileReference; fileEncoding = 4; lastKnownFileType = sourcecode.c.objc; path = "UIView+WebCacheOperation.m"; sourceTree = "<group>"; };
		E56F8BA81C1CF6E800944419 /* Macros.h */ = {isa = PBXFileReference; fileEncoding = 4; lastKnownFileType = sourcecode.c.h; name = Macros.h; path = Libraries/Macros.h; sourceTree = "<group>"; };
		E56F8BA91C1CF6E800944419 /* Macros.m */ = {isa = PBXFileReference; fileEncoding = 4; lastKnownFileType = sourcecode.c.objc; name = Macros.m; path = Libraries/Macros.m; sourceTree = "<group>"; };
		E57B59291B79145400E4425D /* EventsTableVC.h */ = {isa = PBXFileReference; fileEncoding = 4; lastKnownFileType = sourcecode.c.h; name = EventsTableVC.h; path = ViewControllers/EventsTableVC.h; sourceTree = "<group>"; };
		E57B592A1B79145400E4425D /* EventsTableVC.m */ = {isa = PBXFileReference; fileEncoding = 4; lastKnownFileType = sourcecode.c.objc; name = EventsTableVC.m; path = ViewControllers/EventsTableVC.m; sourceTree = "<group>"; };
		E57B592B1B79145400E4425D /* EventsTableVC.xib */ = {isa = PBXFileReference; fileEncoding = 4; lastKnownFileType = file.xib; name = EventsTableVC.xib; path = ViewControllers/EventsTableVC.xib; sourceTree = "<group>"; };
		E57B592E1B791C8900E4425D /* EventsController.h */ = {isa = PBXFileReference; fileEncoding = 4; lastKnownFileType = sourcecode.c.h; name = EventsController.h; path = Controllers/EventsController.h; sourceTree = "<group>"; };
		E57B592F1B791C8900E4425D /* EventsController.m */ = {isa = PBXFileReference; fileEncoding = 4; lastKnownFileType = sourcecode.c.objc; name = EventsController.m; path = Controllers/EventsController.m; sourceTree = "<group>"; };
		E59B7A671B793FA00006C950 /* Event.h */ = {isa = PBXFileReference; fileEncoding = 4; lastKnownFileType = sourcecode.c.h; name = Event.h; path = Models/Event.h; sourceTree = "<group>"; };
		E59B7A681B793FA00006C950 /* Event.m */ = {isa = PBXFileReference; fileEncoding = 4; lastKnownFileType = sourcecode.c.objc; name = Event.m; path = Models/Event.m; sourceTree = "<group>"; };
		E59DE9891C1323F500FE12BB /* Colors.h */ = {isa = PBXFileReference; fileEncoding = 4; lastKnownFileType = sourcecode.c.h; name = Colors.h; path = Libraries/Colors.h; sourceTree = "<group>"; };
		E59DE98A1C1323F500FE12BB /* Colors.m */ = {isa = PBXFileReference; fileEncoding = 4; lastKnownFileType = sourcecode.c.objc; name = Colors.m; path = Libraries/Colors.m; sourceTree = "<group>"; };
		E59DE98C1C132C9800FE12BB /* FilterEventsVC.h */ = {isa = PBXFileReference; fileEncoding = 4; lastKnownFileType = sourcecode.c.h; name = FilterEventsVC.h; path = ViewControllers/FilterEventsVC.h; sourceTree = "<group>"; };
		E59DE98D1C132C9800FE12BB /* FilterEventsVC.m */ = {isa = PBXFileReference; fileEncoding = 4; lastKnownFileType = sourcecode.c.objc; name = FilterEventsVC.m; path = ViewControllers/FilterEventsVC.m; sourceTree = "<group>"; };
		E59DE98E1C132C9800FE12BB /* FilterEventsVC.xib */ = {isa = PBXFileReference; fileEncoding = 4; lastKnownFileType = file.xib; name = FilterEventsVC.xib; path = ViewControllers/FilterEventsVC.xib; sourceTree = "<group>"; };
		E59DE9971C1CB68100FE12BB /* CustomNavigationBar.h */ = {isa = PBXFileReference; fileEncoding = 4; lastKnownFileType = sourcecode.c.h; path = CustomNavigationBar.h; sourceTree = "<group>"; };
		E59DE9981C1CB68100FE12BB /* CustomNavigationBar.m */ = {isa = PBXFileReference; fileEncoding = 4; lastKnownFileType = sourcecode.c.objc; path = CustomNavigationBar.m; sourceTree = "<group>"; };
		E5AC87861BADB1AF00B1BEF7 /* SendFeedbackVC.h */ = {isa = PBXFileReference; fileEncoding = 4; lastKnownFileType = sourcecode.c.h; name = SendFeedbackVC.h; path = ViewControllers/SendFeedbackVC.h; sourceTree = "<group>"; };
		E5AC87871BADB1AF00B1BEF7 /* SendFeedbackVC.m */ = {isa = PBXFileReference; fileEncoding = 4; lastKnownFileType = sourcecode.c.objc; name = SendFeedbackVC.m; path = ViewControllers/SendFeedbackVC.m; sourceTree = "<group>"; };
		E5AC87881BADB1AF00B1BEF7 /* SendFeedbackVC.xib */ = {isa = PBXFileReference; fileEncoding = 4; lastKnownFileType = file.xib; name = SendFeedbackVC.xib; path = ViewControllers/SendFeedbackVC.xib; sourceTree = "<group>"; };
		E5DAE6901B8274AF0021CD2B /* ButtonsTVC.h */ = {isa = PBXFileReference; fileEncoding = 4; lastKnownFileType = sourcecode.c.h; name = ButtonsTVC.h; path = Views/ButtonsTVC.h; sourceTree = "<group>"; };
		E5DAE6911B8274AF0021CD2B /* ButtonsTVC.m */ = {isa = PBXFileReference; fileEncoding = 4; lastKnownFileType = sourcecode.c.objc; name = ButtonsTVC.m; path = Views/ButtonsTVC.m; sourceTree = "<group>"; };
		E5DAE6921B8274AF0021CD2B /* ButtonsTVC.xib */ = {isa = PBXFileReference; fileEncoding = 4; lastKnownFileType = file.xib; name = ButtonsTVC.xib; path = Views/ButtonsTVC.xib; sourceTree = "<group>"; };
		E5DB97C41B83AF010030482A /* ScheduleTableVC.h */ = {isa = PBXFileReference; fileEncoding = 4; lastKnownFileType = sourcecode.c.h; name = ScheduleTableVC.h; path = ViewControllers/ScheduleTableVC.h; sourceTree = "<group>"; };
		E5DB97C51B83AF010030482A /* ScheduleTableVC.m */ = {isa = PBXFileReference; fileEncoding = 4; lastKnownFileType = sourcecode.c.objc; name = ScheduleTableVC.m; path = ViewControllers/ScheduleTableVC.m; sourceTree = "<group>"; };
		E5DB97C61B83AF010030482A /* ScheduleTableVC.xib */ = {isa = PBXFileReference; fileEncoding = 4; lastKnownFileType = file.xib; name = ScheduleTableVC.xib; path = ViewControllers/ScheduleTableVC.xib; sourceTree = "<group>"; };
		E5DB97C91B83C0F30030482A /* ScheduleEvent.h */ = {isa = PBXFileReference; fileEncoding = 4; lastKnownFileType = sourcecode.c.h; name = ScheduleEvent.h; path = Models/ScheduleEvent.h; sourceTree = "<group>"; };
		E5DB97CA1B83C0F30030482A /* ScheduleEvent.m */ = {isa = PBXFileReference; fileEncoding = 4; lastKnownFileType = sourcecode.c.objc; name = ScheduleEvent.m; path = Models/ScheduleEvent.m; sourceTree = "<group>"; };
		E5DC43741BACA20A00419B86 /* EventsListTVC.h */ = {isa = PBXFileReference; fileEncoding = 4; lastKnownFileType = sourcecode.c.h; name = EventsListTVC.h; path = Views/EventsListTVC.h; sourceTree = "<group>"; };
		E5DC43751BACA20A00419B86 /* EventsListTVC.m */ = {isa = PBXFileReference; fileEncoding = 4; lastKnownFileType = sourcecode.c.objc; name = EventsListTVC.m; path = Views/EventsListTVC.m; sourceTree = "<group>"; };
		E5DC43761BACA20A00419B86 /* EventsListTVC.xib */ = {isa = PBXFileReference; fileEncoding = 4; lastKnownFileType = file.xib; name = EventsListTVC.xib; path = Views/EventsListTVC.xib; sourceTree = "<group>"; };
		E5DC43791BACA7E700419B86 /* MenuViewCell.h */ = {isa = PBXFileReference; fileEncoding = 4; lastKnownFileType = sourcecode.c.h; name = MenuViewCell.h; path = Views/MenuViewCell.h; sourceTree = "<group>"; };
		E5DC437A1BACA7E700419B86 /* MenuViewCell.m */ = {isa = PBXFileReference; fileEncoding = 4; lastKnownFileType = sourcecode.c.objc; name = MenuViewCell.m; path = Views/MenuViewCell.m; sourceTree = "<group>"; };
		E5DC437B1BACA7E700419B86 /* MenuViewCell.xib */ = {isa = PBXFileReference; fileEncoding = 4; lastKnownFileType = file.xib; name = MenuViewCell.xib; path = Views/MenuViewCell.xib; sourceTree = "<group>"; };
		E5DF0EB81B77F66F004E5573 /* MBProgressHUD.h */ = {isa = PBXFileReference; fileEncoding = 4; lastKnownFileType = sourcecode.c.h; path = MBProgressHUD.h; sourceTree = "<group>"; };
		E5DF0EB91B77F66F004E5573 /* MBProgressHUD.m */ = {isa = PBXFileReference; fileEncoding = 4; lastKnownFileType = sourcecode.c.objc; path = MBProgressHUD.m; sourceTree = "<group>"; };
		E5E7EF611BF7D03A00E1081D /* AuthenticationVC.h */ = {isa = PBXFileReference; fileEncoding = 4; lastKnownFileType = sourcecode.c.h; name = AuthenticationVC.h; path = ViewControllers/AuthenticationVC.h; sourceTree = "<group>"; };
		E5E7EF621BF7D03A00E1081D /* AuthenticationVC.m */ = {isa = PBXFileReference; fileEncoding = 4; lastKnownFileType = sourcecode.c.objc; name = AuthenticationVC.m; path = ViewControllers/AuthenticationVC.m; sourceTree = "<group>"; };
		E5E7EF631BF7D03A00E1081D /* AuthenticationVC.xib */ = {isa = PBXFileReference; fileEncoding = 4; lastKnownFileType = file.xib; name = AuthenticationVC.xib; path = ViewControllers/AuthenticationVC.xib; sourceTree = "<group>"; };
		E5E939D01B5EE9D700F1EA92 /* NavigationControllerWithMenu.h */ = {isa = PBXFileReference; fileEncoding = 4; lastKnownFileType = sourcecode.c.h; name = NavigationControllerWithMenu.h; path = Libraries/NavigationControllerWithMenu/NavigationControllerWithMenu.h; sourceTree = "<group>"; };
		E5E939D11B5EE9D700F1EA92 /* NavigationControllerWithMenu.m */ = {isa = PBXFileReference; fileEncoding = 4; lastKnownFileType = sourcecode.c.objc; name = NavigationControllerWithMenu.m; path = Libraries/NavigationControllerWithMenu/NavigationControllerWithMenu.m; sourceTree = "<group>"; };
		E5F57B5B1B9E3999000E4247 /* CustomRatingSlider.h */ = {isa = PBXFileReference; fileEncoding = 4; lastKnownFileType = sourcecode.c.h; name = CustomRatingSlider.h; path = Libraries/Rating/CustomRatingSlider.h; sourceTree = "<group>"; };
		E5F57B5C1B9E3999000E4247 /* CustomRatingSlider.m */ = {isa = PBXFileReference; fileEncoding = 4; lastKnownFileType = sourcecode.c.objc; name = CustomRatingSlider.m; path = Libraries/Rating/CustomRatingSlider.m; sourceTree = "<group>"; };
		E5F57B5E1B9E3999000E4247 /* Feedback.h */ = {isa = PBXFileReference; fileEncoding = 4; lastKnownFileType = sourcecode.c.h; name = Feedback.h; path = Models/Feedback.h; sourceTree = "<group>"; };
		E5F57B5F1B9E3999000E4247 /* Feedback.m */ = {isa = PBXFileReference; fileEncoding = 4; lastKnownFileType = sourcecode.c.objc; name = Feedback.m; path = Models/Feedback.m; sourceTree = "<group>"; };
		E5FAB7BF1B7A70AA00BB8BE8 /* EventInfoTableVC.h */ = {isa = PBXFileReference; fileEncoding = 4; lastKnownFileType = sourcecode.c.h; name = EventInfoTableVC.h; path = ViewControllers/EventInfoTableVC.h; sourceTree = "<group>"; };
		E5FAB7C01B7A70AA00BB8BE8 /* EventInfoTableVC.m */ = {isa = PBXFileReference; fileEncoding = 4; lastKnownFileType = sourcecode.c.objc; name = EventInfoTableVC.m; path = ViewControllers/EventInfoTableVC.m; sourceTree = "<group>"; };
		E5FAB7C11B7A70AA00BB8BE8 /* EventInfoTableVC.xib */ = {isa = PBXFileReference; fileEncoding = 4; lastKnownFileType = file.xib; name = EventInfoTableVC.xib; path = ViewControllers/EventInfoTableVC.xib; sourceTree = "<group>"; };
		E5FAB7C41B7A70EE00BB8BE8 /* EventTextTVC.h */ = {isa = PBXFileReference; fileEncoding = 4; lastKnownFileType = sourcecode.c.h; name = EventTextTVC.h; path = Views/EventTextTVC.h; sourceTree = "<group>"; };
		E5FAB7C51B7A70EE00BB8BE8 /* EventTextTVC.m */ = {isa = PBXFileReference; fileEncoding = 4; lastKnownFileType = sourcecode.c.objc; name = EventTextTVC.m; path = Views/EventTextTVC.m; sourceTree = "<group>"; };
		E5FAB7C61B7A70EE00BB8BE8 /* EventTextTVC.xib */ = {isa = PBXFileReference; fileEncoding = 4; lastKnownFileType = file.xib; name = EventTextTVC.xib; path = Views/EventTextTVC.xib; sourceTree = "<group>"; };
/* End PBXFileReference section */

/* Begin PBXFrameworksBuildPhase section */
		E521F68C1B5DA9E4006AA29B /* Frameworks */ = {
			isa = PBXFrameworksBuildPhase;
			buildActionMask = 2147483647;
			files = (
			);
			runOnlyForDeploymentPostprocessing = 0;
		};
		E521F6A51B5DA9E5006AA29B /* Frameworks */ = {
			isa = PBXFrameworksBuildPhase;
			buildActionMask = 2147483647;
			files = (
			);
			runOnlyForDeploymentPostprocessing = 0;
		};
/* End PBXFrameworksBuildPhase section */

/* Begin PBXGroup section */
		E521F6861B5DA9E4006AA29B = {
			isa = PBXGroup;
			children = (
				E521F6911B5DA9E5006AA29B /* Sniff */,
				E521F6AB1B5DA9E5006AA29B /* SniffTests */,
				E521F6901B5DA9E5006AA29B /* Products */,
			);
			sourceTree = "<group>";
		};
		E521F6901B5DA9E5006AA29B /* Products */ = {
			isa = PBXGroup;
			children = (
				E521F68F1B5DA9E5006AA29B /* Sniff.app */,
				E521F6A81B5DA9E5006AA29B /* SniffTests.xctest */,
			);
			name = Products;
			sourceTree = "<group>";
		};
		E521F6911B5DA9E5006AA29B /* Sniff */ = {
			isa = PBXGroup;
			children = (
				E521F6BB1B5DAA38006AA29B /* Controllers */,
				E521F6BA1B5DAA2B006AA29B /* ViewControllers */,
				E521F6B91B5DAA21006AA29B /* Views */,
				E521F6B81B5DAA12006AA29B /* Models */,
				E521F6BC1B5DAA41006AA29B /* Libraries */,
				E521F6961B5DA9E5006AA29B /* AppDelegate.h */,
				E521F6971B5DA9E5006AA29B /* AppDelegate.m */,
				E521F69F1B5DA9E5006AA29B /* Images.xcassets */,
				E521F6921B5DA9E5006AA29B /* Supporting Files */,
			);
			path = Sniff;
			sourceTree = "<group>";
		};
		E521F6921B5DA9E5006AA29B /* Supporting Files */ = {
			isa = PBXGroup;
			children = (
				E521F6931B5DA9E5006AA29B /* Info.plist */,
				E521F6941B5DA9E5006AA29B /* main.m */,
			);
			name = "Supporting Files";
			sourceTree = "<group>";
		};
		E521F6AB1B5DA9E5006AA29B /* SniffTests */ = {
			isa = PBXGroup;
			children = (
				E521F6AE1B5DA9E5006AA29B /* SniffTests.m */,
				E521F6AC1B5DA9E5006AA29B /* Supporting Files */,
			);
			path = SniffTests;
			sourceTree = "<group>";
		};
		E521F6AC1B5DA9E5006AA29B /* Supporting Files */ = {
			isa = PBXGroup;
			children = (
				E521F6AD1B5DA9E5006AA29B /* Info.plist */,
			);
			name = "Supporting Files";
			sourceTree = "<group>";
		};
		E521F6B81B5DAA12006AA29B /* Models */ = {
			isa = PBXGroup;
			children = (
				E54D448D1B5EDA730066231E /* User.h */,
				E54D448E1B5EDA730066231E /* User.m */,
				E59B7A671B793FA00006C950 /* Event.h */,
				E59B7A681B793FA00006C950 /* Event.m */,
				E5DB97C91B83C0F30030482A /* ScheduleEvent.h */,
				E5DB97CA1B83C0F30030482A /* ScheduleEvent.m */,
				E5F57B5E1B9E3999000E4247 /* Feedback.h */,
				E5F57B5F1B9E3999000E4247 /* Feedback.m */,
			);
			name = Models;
			sourceTree = "<group>";
		};
		E521F6B91B5DAA21006AA29B /* Views */ = {
			isa = PBXGroup;
			children = (
				E5DC43741BACA20A00419B86 /* EventsListTVC.h */,
				E5DC43751BACA20A00419B86 /* EventsListTVC.m */,
				E5DC43761BACA20A00419B86 /* EventsListTVC.xib */,
				E5FAB7C41B7A70EE00BB8BE8 /* EventTextTVC.h */,
				E5FAB7C51B7A70EE00BB8BE8 /* EventTextTVC.m */,
				E5FAB7C61B7A70EE00BB8BE8 /* EventTextTVC.xib */,
				E5DAE6901B8274AF0021CD2B /* ButtonsTVC.h */,
				E5DAE6911B8274AF0021CD2B /* ButtonsTVC.m */,
				E5DAE6921B8274AF0021CD2B /* ButtonsTVC.xib */,
				E53BD60D1B8F967400D64CF3 /* FeedbackFooterView.h */,
				E53BD60E1B8F967400D64CF3 /* FeedbackFooterView.m */,
				E53BD6101B8F968500D64CF3 /* FeedbackFooterView.xib */,
				E53BD6121B8F970700D64CF3 /* FeedbackTVC.h */,
				E53BD6131B8F970700D64CF3 /* FeedbackTVC.m */,
				E53BD6141B8F970700D64CF3 /* FeedbackTVC.xib */,
				E55D13361BAF3D8F00FF1526 /* JoinButtonsView.h */,
				E55D13371BAF3D9000FF1526 /* JoinButtonsView.m */,
				E55D13391BAF3DD900FF1526 /* JoinButtonsView.xib */,
				E5041B521C384CF900A4E54D /* MessageTVC.h */,
				E5041B531C384CF900A4E54D /* MessageTVC.m */,
				E5041B541C384CF900A4E54D /* MessageTVC.xib */,
				E50B5F3C1C3E42E10037D729 /* ScheduleTVC.h */,
				E50B5F3D1C3E42E10037D729 /* ScheduleTVC.m */,
				E50B5F3E1C3E42E10037D729 /* ScheduleTVC.xib */,
			);
			name = Views;
			sourceTree = "<group>";
		};
		E521F6BA1B5DAA2B006AA29B /* ViewControllers */ = {
			isa = PBXGroup;
			children = (
				E521F6C71B5DADD4006AA29B /* LoginVC.h */,
				E521F6C81B5DADD4006AA29B /* LoginVC.m */,
				E521F6C91B5DADD4006AA29B /* LoginVC.xib */,
				E5E7EF611BF7D03A00E1081D /* AuthenticationVC.h */,
				E5E7EF621BF7D03A00E1081D /* AuthenticationVC.m */,
				E5E7EF631BF7D03A00E1081D /* AuthenticationVC.xib */,
				E57B59291B79145400E4425D /* EventsTableVC.h */,
				E57B592A1B79145400E4425D /* EventsTableVC.m */,
				E57B592B1B79145400E4425D /* EventsTableVC.xib */,
				E59DE98C1C132C9800FE12BB /* FilterEventsVC.h */,
				E59DE98D1C132C9800FE12BB /* FilterEventsVC.m */,
				E59DE98E1C132C9800FE12BB /* FilterEventsVC.xib */,
				E5FAB7BF1B7A70AA00BB8BE8 /* EventInfoTableVC.h */,
				E5FAB7C01B7A70AA00BB8BE8 /* EventInfoTableVC.m */,
				E5FAB7C11B7A70AA00BB8BE8 /* EventInfoTableVC.xib */,
				E5DB97C41B83AF010030482A /* ScheduleTableVC.h */,
				E5DB97C51B83AF010030482A /* ScheduleTableVC.m */,
				E5DB97C61B83AF010030482A /* ScheduleTableVC.xib */,
				E53BD6081B8F964100D64CF3 /* FeedbackTableVC.h */,
				E53BD6091B8F964100D64CF3 /* FeedbackTableVC.m */,
				E53BD60A1B8F964100D64CF3 /* FeedbackTableVC.xib */,
				E5AC87861BADB1AF00B1BEF7 /* SendFeedbackVC.h */,
				E5AC87871BADB1AF00B1BEF7 /* SendFeedbackVC.m */,
				E5AC87881BADB1AF00B1BEF7 /* SendFeedbackVC.xib */,
			);
			name = ViewControllers;
			sourceTree = "<group>";
		};
		E521F6BB1B5DAA38006AA29B /* Controllers */ = {
			isa = PBXGroup;
			children = (
				E54D448A1B5ED9C30066231E /* AuthenticationController.h */,
				E54D448B1B5ED9C30066231E /* AuthenticationController.m */,
				E57B592E1B791C8900E4425D /* EventsController.h */,
				E57B592F1B791C8900E4425D /* EventsController.m */,
			);
			name = Controllers;
			sourceTree = "<group>";
		};
		E521F6BC1B5DAA41006AA29B /* Libraries */ = {
			isa = PBXGroup;
			children = (
				E59DE9911C1CB4CC00FE12BB /* NavigationBar */,
				E5F57B521B9E3649000E4247 /* Rating */,
				E54D44AD1B5EDEE20066231E /* ServerRequest.h */,
				E54D44AE1B5EDEE20066231E /* ServerRequest.m */,
				E54D44721B5ECF9B0066231E /* NavigationControllerWithMenu */,
				E5DF0EB71B77F66F004E5573 /* MBProgressHud */,
				E56AE0A51C29F716007D5265 /* SDWebImage */,
				E54D44901B5EDE390066231E /* AFNetworking */,
				E59DE9891C1323F500FE12BB /* Colors.h */,
				E59DE98A1C1323F500FE12BB /* Colors.m */,
				E56F8BA81C1CF6E800944419 /* Macros.h */,
				E56F8BA91C1CF6E800944419 /* Macros.m */,
			);
			name = Libraries;
			sourceTree = "<group>";
		};
		E54D44721B5ECF9B0066231E /* NavigationControllerWithMenu */ = {
			isa = PBXGroup;
			children = (
				E5E939D01B5EE9D700F1EA92 /* NavigationControllerWithMenu.h */,
				E5E939D11B5EE9D700F1EA92 /* NavigationControllerWithMenu.m */,
				E54D44791B5ED2970066231E /* MenuView.h */,
				E54D447A1B5ED2970066231E /* MenuView.m */,
				E54D447E1B5ED2CF0066231E /* MenuView.xib */,
				E5DC43791BACA7E700419B86 /* MenuViewCell.h */,
				E5DC437A1BACA7E700419B86 /* MenuViewCell.m */,
				E5DC437B1BACA7E700419B86 /* MenuViewCell.xib */,
				E54D44851B5ED8120066231E /* LoggedUserView.h */,
				E54D44861B5ED8120066231E /* LoggedUserView.m */,
				E54D44881B5ED8270066231E /* LoggedUserView.xib */,
			);
			name = NavigationControllerWithMenu;
			sourceTree = "<group>";
		};
		E54D44901B5EDE390066231E /* AFNetworking */ = {
			isa = PBXGroup;
			children = (
				E54D44911B5EDE8A0066231E /* AFHTTPRequestOperation.h */,
				E54D44921B5EDE8A0066231E /* AFHTTPRequestOperation.m */,
				E54D44931B5EDE8A0066231E /* AFHTTPRequestOperationManager.h */,
				E54D44941B5EDE8A0066231E /* AFHTTPRequestOperationManager.m */,
				E54D44951B5EDE8A0066231E /* AFHTTPSessionManager.h */,
				E54D44961B5EDE8A0066231E /* AFHTTPSessionManager.m */,
				E54D44971B5EDE8A0066231E /* AFNetworking.h */,
				E54D44981B5EDE8A0066231E /* AFNetworkReachabilityManager.h */,
				E54D44991B5EDE8A0066231E /* AFNetworkReachabilityManager.m */,
				E54D449A1B5EDE8A0066231E /* AFSecurityPolicy.h */,
				E54D449B1B5EDE8A0066231E /* AFSecurityPolicy.m */,
				E54D449C1B5EDE8A0066231E /* AFURLConnectionOperation.h */,
				E54D449D1B5EDE8A0066231E /* AFURLConnectionOperation.m */,
				E54D449E1B5EDE8A0066231E /* AFURLRequestSerialization.h */,
				E54D449F1B5EDE8A0066231E /* AFURLRequestSerialization.m */,
				E54D44A01B5EDE8A0066231E /* AFURLResponseSerialization.h */,
				E54D44A11B5EDE8A0066231E /* AFURLResponseSerialization.m */,
				E54D44A21B5EDE8A0066231E /* AFURLSessionManager.h */,
				E54D44A31B5EDE8A0066231E /* AFURLSessionManager.m */,
			);
			name = AFNetworking;
			sourceTree = "<group>";
		};
		E56AE0A51C29F716007D5265 /* SDWebImage */ = {
			isa = PBXGroup;
			children = (
				E56AE0A61C29F716007D5265 /* MKAnnotationView+WebCache.h */,
				E56AE0A71C29F716007D5265 /* MKAnnotationView+WebCache.m */,
				E56AE0A81C29F716007D5265 /* NSData+ImageContentType.h */,
				E56AE0A91C29F716007D5265 /* NSData+ImageContentType.m */,
				E56AE0AA1C29F716007D5265 /* SDImageCache.h */,
				E56AE0AB1C29F716007D5265 /* SDImageCache.m */,
				E56AE0AC1C29F716007D5265 /* SDWebImageCompat.h */,
				E56AE0AD1C29F716007D5265 /* SDWebImageCompat.m */,
				E56AE0AE1C29F716007D5265 /* SDWebImageDecoder.h */,
				E56AE0AF1C29F716007D5265 /* SDWebImageDecoder.m */,
				E56AE0B01C29F716007D5265 /* SDWebImageDownloader.h */,
				E56AE0B11C29F716007D5265 /* SDWebImageDownloader.m */,
				E56AE0B21C29F716007D5265 /* SDWebImageDownloaderOperation.h */,
				E56AE0B31C29F716007D5265 /* SDWebImageDownloaderOperation.m */,
				E56AE0B41C29F716007D5265 /* SDWebImageManager.h */,
				E56AE0B51C29F716007D5265 /* SDWebImageManager.m */,
				E56AE0B61C29F716007D5265 /* SDWebImageOperation.h */,
				E56AE0B71C29F716007D5265 /* SDWebImagePrefetcher.h */,
				E56AE0B81C29F716007D5265 /* SDWebImagePrefetcher.m */,
				E56AE0B91C29F716007D5265 /* UIButton+WebCache.h */,
				E56AE0BA1C29F716007D5265 /* UIButton+WebCache.m */,
				E56AE0BB1C29F716007D5265 /* UIImage+GIF.h */,
				E56AE0BC1C29F716007D5265 /* UIImage+GIF.m */,
				E56AE0BD1C29F716007D5265 /* UIImage+MultiFormat.h */,
				E56AE0BE1C29F716007D5265 /* UIImage+MultiFormat.m */,
				E56AE0BF1C29F716007D5265 /* UIImage+WebP.h */,
				E56AE0C01C29F716007D5265 /* UIImage+WebP.m */,
				E56AE0C11C29F716007D5265 /* UIImageView+HighlightedWebCache.h */,
				E56AE0C21C29F716007D5265 /* UIImageView+HighlightedWebCache.m */,
				E56AE0C31C29F716007D5265 /* UIImageView+WebCache.h */,
				E56AE0C41C29F716007D5265 /* UIImageView+WebCache.m */,
				E56AE0C51C29F716007D5265 /* UIView+WebCacheOperation.h */,
				E56AE0C61C29F716007D5265 /* UIView+WebCacheOperation.m */,
			);
			name = SDWebImage;
			path = Libraries/SDWebImage;
			sourceTree = "<group>";
		};
		E59DE9911C1CB4CC00FE12BB /* NavigationBar */ = {
			isa = PBXGroup;
			children = (
				E59DE9971C1CB68100FE12BB /* CustomNavigationBar.h */,
				E59DE9981C1CB68100FE12BB /* CustomNavigationBar.m */,
			);
			name = NavigationBar;
			path = Libraries/NavigationBar;
			sourceTree = "<group>";
		};
		E5DF0EB71B77F66F004E5573 /* MBProgressHud */ = {
			isa = PBXGroup;
			children = (
				E5DF0EB81B77F66F004E5573 /* MBProgressHUD.h */,
				E5DF0EB91B77F66F004E5573 /* MBProgressHUD.m */,
			);
			name = MBProgressHud;
			path = Libraries/MBProgressHud;
			sourceTree = "<group>";
		};
		E5F57B521B9E3649000E4247 /* Rating */ = {
			isa = PBXGroup;
			children = (
				E5F57B5B1B9E3999000E4247 /* CustomRatingSlider.h */,
				E5F57B5C1B9E3999000E4247 /* CustomRatingSlider.m */,
			);
			name = Rating;
			sourceTree = "<group>";
		};
/* End PBXGroup section */

/* Begin PBXNativeTarget section */
		E521F68E1B5DA9E4006AA29B /* Sniff */ = {
			isa = PBXNativeTarget;
			buildConfigurationList = E521F6B21B5DA9E5006AA29B /* Build configuration list for PBXNativeTarget "Sniff" */;
			buildPhases = (
				E521F68B1B5DA9E4006AA29B /* Sources */,
				E521F68C1B5DA9E4006AA29B /* Frameworks */,
				E521F68D1B5DA9E4006AA29B /* Resources */,
			);
			buildRules = (
			);
			dependencies = (
			);
			name = Sniff;
			productName = Sniff;
			productReference = E521F68F1B5DA9E5006AA29B /* Sniff.app */;
			productType = "com.apple.product-type.application";
		};
		E521F6A71B5DA9E5006AA29B /* SniffTests */ = {
			isa = PBXNativeTarget;
			buildConfigurationList = E521F6B51B5DA9E5006AA29B /* Build configuration list for PBXNativeTarget "SniffTests" */;
			buildPhases = (
				E521F6A41B5DA9E5006AA29B /* Sources */,
				E521F6A51B5DA9E5006AA29B /* Frameworks */,
				E521F6A61B5DA9E5006AA29B /* Resources */,
			);
			buildRules = (
			);
			dependencies = (
				E521F6AA1B5DA9E5006AA29B /* PBXTargetDependency */,
			);
			name = SniffTests;
			productName = SniffTests;
			productReference = E521F6A81B5DA9E5006AA29B /* SniffTests.xctest */;
			productType = "com.apple.product-type.bundle.unit-test";
		};
/* End PBXNativeTarget section */

/* Begin PBXProject section */
		E521F6871B5DA9E4006AA29B /* Project object */ = {
			isa = PBXProject;
			attributes = {
				LastUpgradeCheck = 0700;
				ORGANIZATIONNAME = "Razvan Balint";
				TargetAttributes = {
					E521F68E1B5DA9E4006AA29B = {
						CreatedOnToolsVersion = 6.4;
						DevelopmentTeam = QJ99PQZ8GC;
					};
					E521F6A71B5DA9E5006AA29B = {
						CreatedOnToolsVersion = 6.4;
						TestTargetID = E521F68E1B5DA9E4006AA29B;
					};
				};
			};
			buildConfigurationList = E521F68A1B5DA9E4006AA29B /* Build configuration list for PBXProject "Sniff" */;
			compatibilityVersion = "Xcode 3.2";
			developmentRegion = English;
			hasScannedForEncodings = 0;
			knownRegions = (
				en,
				Base,
			);
			mainGroup = E521F6861B5DA9E4006AA29B;
			productRefGroup = E521F6901B5DA9E5006AA29B /* Products */;
			projectDirPath = "";
			projectRoot = "";
			targets = (
				E521F68E1B5DA9E4006AA29B /* Sniff */,
				E521F6A71B5DA9E5006AA29B /* SniffTests */,
			);
		};
/* End PBXProject section */

/* Begin PBXResourcesBuildPhase section */
		E521F68D1B5DA9E4006AA29B /* Resources */ = {
			isa = PBXResourcesBuildPhase;
			buildActionMask = 2147483647;
			files = (
				E5DC43781BACA20A00419B86 /* EventsListTVC.xib in Resources */,
				E5DB97C81B83AF010030482A /* ScheduleTableVC.xib in Resources */,
				E57B592D1B79145400E4425D /* EventsTableVC.xib in Resources */,
				E5DC437D1BACA7E700419B86 /* MenuViewCell.xib in Resources */,
				E55D133A1BAF3DD900FF1526 /* JoinButtonsView.xib in Resources */,
				E5E7EF651BF7D03A00E1081D /* AuthenticationVC.xib in Resources */,
				E5041B561C384CF900A4E54D /* MessageTVC.xib in Resources */,
				E54D447F1B5ED2CF0066231E /* MenuView.xib in Resources */,
				E54D44891B5ED8270066231E /* LoggedUserView.xib in Resources */,
				E53BD6111B8F968500D64CF3 /* FeedbackFooterView.xib in Resources */,
				E5AC878A1BADB1AF00B1BEF7 /* SendFeedbackVC.xib in Resources */,
				E521F6CB1B5DADD4006AA29B /* LoginVC.xib in Resources */,
				E5FAB7C81B7A70EE00BB8BE8 /* EventTextTVC.xib in Resources */,
				E59DE9901C132C9800FE12BB /* FilterEventsVC.xib in Resources */,
				E521F6A01B5DA9E5006AA29B /* Images.xcassets in Resources */,
				E5FAB7C31B7A70AA00BB8BE8 /* EventInfoTableVC.xib in Resources */,
				E53BD60C1B8F964100D64CF3 /* FeedbackTableVC.xib in Resources */,
				E53BD6161B8F970700D64CF3 /* FeedbackTVC.xib in Resources */,
				E50B5F401C3E42E10037D729 /* ScheduleTVC.xib in Resources */,
				E5DAE6941B8274AF0021CD2B /* ButtonsTVC.xib in Resources */,
			);
			runOnlyForDeploymentPostprocessing = 0;
		};
		E521F6A61B5DA9E5006AA29B /* Resources */ = {
			isa = PBXResourcesBuildPhase;
			buildActionMask = 2147483647;
			files = (
			);
			runOnlyForDeploymentPostprocessing = 0;
		};
/* End PBXResourcesBuildPhase section */

/* Begin PBXSourcesBuildPhase section */
		E521F68B1B5DA9E4006AA29B /* Sources */ = {
			isa = PBXSourcesBuildPhase;
			buildActionMask = 2147483647;
			files = (
				E5AC87891BADB1AF00B1BEF7 /* SendFeedbackVC.m in Sources */,
				E59DE98B1C1323F500FE12BB /* Colors.m in Sources */,
				E54D44A91B5EDE8A0066231E /* AFURLConnectionOperation.m in Sources */,
				E54D448F1B5EDA730066231E /* User.m in Sources */,
				E53BD60B1B8F964100D64CF3 /* FeedbackTableVC.m in Sources */,
				E5041B551C384CF900A4E54D /* MessageTVC.m in Sources */,
				E56AE0CE1C29F716007D5265 /* SDWebImageManager.m in Sources */,
				E5DAE6931B8274AF0021CD2B /* ButtonsTVC.m in Sources */,
				E54D44A81B5EDE8A0066231E /* AFSecurityPolicy.m in Sources */,
				E56AE0CB1C29F716007D5265 /* SDWebImageDecoder.m in Sources */,
				E5E7EF641BF7D03A00E1081D /* AuthenticationVC.m in Sources */,
				E56AE0D31C29F716007D5265 /* UIImage+WebP.m in Sources */,
				E56AE0C71C29F716007D5265 /* MKAnnotationView+WebCache.m in Sources */,
				E54D44871B5ED8120066231E /* LoggedUserView.m in Sources */,
				E5F57B601B9E3999000E4247 /* Feedback.m in Sources */,
				E5DC437C1BACA7E700419B86 /* MenuViewCell.m in Sources */,
				E57B59301B791C8900E4425D /* EventsController.m in Sources */,
				E56AE0CC1C29F716007D5265 /* SDWebImageDownloader.m in Sources */,
				E54D44A51B5EDE8A0066231E /* AFHTTPRequestOperationManager.m in Sources */,
				E521F6981B5DA9E5006AA29B /* AppDelegate.m in Sources */,
				E5E939D21B5EE9D700F1EA92 /* NavigationControllerWithMenu.m in Sources */,
				E56AE0D41C29F716007D5265 /* UIImageView+HighlightedWebCache.m in Sources */,
				E56AE0C81C29F716007D5265 /* NSData+ImageContentType.m in Sources */,
				E5DF0EBA1B77F66F004E5573 /* MBProgressHUD.m in Sources */,
				E59B7A691B793FA00006C950 /* Event.m in Sources */,
				E521F6CA1B5DADD4006AA29B /* LoginVC.m in Sources */,
				E56AE0D51C29F716007D5265 /* UIImageView+WebCache.m in Sources */,
				E56AE0D21C29F716007D5265 /* UIImage+MultiFormat.m in Sources */,
				E56AE0D01C29F716007D5265 /* UIButton+WebCache.m in Sources */,
				E55D13381BAF3D9000FF1526 /* JoinButtonsView.m in Sources */,
				E56AE0CF1C29F716007D5265 /* SDWebImagePrefetcher.m in Sources */,
				E53BD6151B8F970700D64CF3 /* FeedbackTVC.m in Sources */,
				E56AE0CA1C29F716007D5265 /* SDWebImageCompat.m in Sources */,
				E5FAB7C21B7A70AA00BB8BE8 /* EventInfoTableVC.m in Sources */,
				E54D448C1B5ED9C30066231E /* AuthenticationController.m in Sources */,
				E56AE0D11C29F716007D5265 /* UIImage+GIF.m in Sources */,
				E54D44AC1B5EDE8A0066231E /* AFURLSessionManager.m in Sources */,
				E54D44AB1B5EDE8A0066231E /* AFURLResponseSerialization.m in Sources */,
				E521F6951B5DA9E5006AA29B /* main.m in Sources */,
				E57B592C1B79145400E4425D /* EventsTableVC.m in Sources */,
				E5DB97CB1B83C0F30030482A /* ScheduleEvent.m in Sources */,
				E54D44AF1B5EDEE20066231E /* ServerRequest.m in Sources */,
				E5FAB7C71B7A70EE00BB8BE8 /* EventTextTVC.m in Sources */,
				E5F57B5D1B9E3999000E4247 /* CustomRatingSlider.m in Sources */,
				E5DC43771BACA20A00419B86 /* EventsListTVC.m in Sources */,
				E59DE98F1C132C9800FE12BB /* FilterEventsVC.m in Sources */,
				E5DB97C71B83AF010030482A /* ScheduleTableVC.m in Sources */,
				E54D44AA1B5EDE8A0066231E /* AFURLRequestSerialization.m in Sources */,
				E56AE0CD1C29F716007D5265 /* SDWebImageDownloaderOperation.m in Sources */,
				E54D44A71B5EDE8A0066231E /* AFNetworkReachabilityManager.m in Sources */,
				E56AE0D61C29F716007D5265 /* UIView+WebCacheOperation.m in Sources */,
				E50B5F3F1C3E42E10037D729 /* ScheduleTVC.m in Sources */,
				E56F8BAA1C1CF6E800944419 /* Macros.m in Sources */,
				E54D447B1B5ED2970066231E /* MenuView.m in Sources */,
				E54D44A41B5EDE8A0066231E /* AFHTTPRequestOperation.m in Sources */,
				E59DE9991C1CB68100FE12BB /* CustomNavigationBar.m in Sources */,
				E53BD60F1B8F967400D64CF3 /* FeedbackFooterView.m in Sources */,
				E56AE0C91C29F716007D5265 /* SDImageCache.m in Sources */,
				E54D44A61B5EDE8A0066231E /* AFHTTPSessionManager.m in Sources */,
			);
			runOnlyForDeploymentPostprocessing = 0;
		};
		E521F6A41B5DA9E5006AA29B /* Sources */ = {
			isa = PBXSourcesBuildPhase;
			buildActionMask = 2147483647;
			files = (
				E521F6AF1B5DA9E5006AA29B /* SniffTests.m in Sources */,
			);
			runOnlyForDeploymentPostprocessing = 0;
		};
/* End PBXSourcesBuildPhase section */

/* Begin PBXTargetDependency section */
		E521F6AA1B5DA9E5006AA29B /* PBXTargetDependency */ = {
			isa = PBXTargetDependency;
			target = E521F68E1B5DA9E4006AA29B /* Sniff */;
			targetProxy = E521F6A91B5DA9E5006AA29B /* PBXContainerItemProxy */;
		};
/* End PBXTargetDependency section */

/* Begin XCBuildConfiguration section */
		E521F6B01B5DA9E5006AA29B /* Debug */ = {
			isa = XCBuildConfiguration;
			buildSettings = {
				ALWAYS_SEARCH_USER_PATHS = NO;
				CLANG_CXX_LANGUAGE_STANDARD = "gnu++0x";
				CLANG_CXX_LIBRARY = "libc++";
				CLANG_ENABLE_MODULES = YES;
				CLANG_ENABLE_OBJC_ARC = YES;
				CLANG_WARN_BOOL_CONVERSION = YES;
				CLANG_WARN_CONSTANT_CONVERSION = YES;
				CLANG_WARN_DIRECT_OBJC_ISA_USAGE = YES_ERROR;
				CLANG_WARN_EMPTY_BODY = YES;
				CLANG_WARN_ENUM_CONVERSION = YES;
				CLANG_WARN_INT_CONVERSION = YES;
				CLANG_WARN_OBJC_ROOT_CLASS = YES_ERROR;
				CLANG_WARN_UNREACHABLE_CODE = YES;
				CLANG_WARN__DUPLICATE_METHOD_MATCH = YES;
				"CODE_SIGN_IDENTITY[sdk=iphoneos*]" = "iPhone Developer";
				COPY_PHASE_STRIP = NO;
				DEBUG_INFORMATION_FORMAT = "dwarf-with-dsym";
				ENABLE_STRICT_OBJC_MSGSEND = YES;
				ENABLE_TESTABILITY = YES;
				GCC_C_LANGUAGE_STANDARD = gnu99;
				GCC_DYNAMIC_NO_PIC = NO;
				GCC_NO_COMMON_BLOCKS = YES;
				GCC_OPTIMIZATION_LEVEL = 0;
				GCC_PREPROCESSOR_DEFINITIONS = (
					"DEBUG=1",
					"$(inherited)",
				);
				GCC_SYMBOLS_PRIVATE_EXTERN = NO;
				GCC_WARN_64_TO_32_BIT_CONVERSION = YES;
				GCC_WARN_ABOUT_RETURN_TYPE = YES_ERROR;
				GCC_WARN_UNDECLARED_SELECTOR = YES;
				GCC_WARN_UNINITIALIZED_AUTOS = YES_AGGRESSIVE;
				GCC_WARN_UNUSED_FUNCTION = YES;
				GCC_WARN_UNUSED_VARIABLE = YES;
				IPHONEOS_DEPLOYMENT_TARGET = 8.4;
				MTL_ENABLE_DEBUG_INFO = YES;
				ONLY_ACTIVE_ARCH = YES;
				SDKROOT = iphoneos;
				TARGETED_DEVICE_FAMILY = "1,2";
			};
			name = Debug;
		};
		E521F6B11B5DA9E5006AA29B /* Release */ = {
			isa = XCBuildConfiguration;
			buildSettings = {
				ALWAYS_SEARCH_USER_PATHS = NO;
				CLANG_CXX_LANGUAGE_STANDARD = "gnu++0x";
				CLANG_CXX_LIBRARY = "libc++";
				CLANG_ENABLE_MODULES = YES;
				CLANG_ENABLE_OBJC_ARC = YES;
				CLANG_WARN_BOOL_CONVERSION = YES;
				CLANG_WARN_CONSTANT_CONVERSION = YES;
				CLANG_WARN_DIRECT_OBJC_ISA_USAGE = YES_ERROR;
				CLANG_WARN_EMPTY_BODY = YES;
				CLANG_WARN_ENUM_CONVERSION = YES;
				CLANG_WARN_INT_CONVERSION = YES;
				CLANG_WARN_OBJC_ROOT_CLASS = YES_ERROR;
				CLANG_WARN_UNREACHABLE_CODE = YES;
				CLANG_WARN__DUPLICATE_METHOD_MATCH = YES;
				"CODE_SIGN_IDENTITY[sdk=iphoneos*]" = "iPhone Developer";
				COPY_PHASE_STRIP = NO;
				DEBUG_INFORMATION_FORMAT = "dwarf-with-dsym";
				ENABLE_NS_ASSERTIONS = NO;
				ENABLE_STRICT_OBJC_MSGSEND = YES;
				GCC_C_LANGUAGE_STANDARD = gnu99;
				GCC_NO_COMMON_BLOCKS = YES;
				GCC_WARN_64_TO_32_BIT_CONVERSION = YES;
				GCC_WARN_ABOUT_RETURN_TYPE = YES_ERROR;
				GCC_WARN_UNDECLARED_SELECTOR = YES;
				GCC_WARN_UNINITIALIZED_AUTOS = YES_AGGRESSIVE;
				GCC_WARN_UNUSED_FUNCTION = YES;
				GCC_WARN_UNUSED_VARIABLE = YES;
				IPHONEOS_DEPLOYMENT_TARGET = 8.4;
				MTL_ENABLE_DEBUG_INFO = NO;
				SDKROOT = iphoneos;
				TARGETED_DEVICE_FAMILY = "1,2";
				VALIDATE_PRODUCT = YES;
			};
			name = Release;
		};
		E521F6B31B5DA9E5006AA29B /* Debug */ = {
			isa = XCBuildConfiguration;
			buildSettings = {
				ASSETCATALOG_COMPILER_APPICON_NAME = AppIcon;
				CODE_SIGN_IDENTITY = "iPhone Developer";
				"CODE_SIGN_IDENTITY[sdk=iphoneos*]" = "iPhone Developer";
				INFOPLIST_FILE = Sniff/Info.plist;
				LD_RUNPATH_SEARCH_PATHS = "$(inherited) @executable_path/Frameworks";
				PRODUCT_BUNDLE_IDENTIFIER = "com.razvanbalint.$(PRODUCT_NAME:rfc1034identifier)";
				PRODUCT_NAME = "$(TARGET_NAME)";
				PROVISIONING_PROFILE = "";
			};
			name = Debug;
		};
		E521F6B41B5DA9E5006AA29B /* Release */ = {
			isa = XCBuildConfiguration;
			buildSettings = {
				ASSETCATALOG_COMPILER_APPICON_NAME = AppIcon;
				CODE_SIGN_IDENTITY = "iPhone Developer";
				"CODE_SIGN_IDENTITY[sdk=iphoneos*]" = "iPhone Developer";
				INFOPLIST_FILE = Sniff/Info.plist;
				LD_RUNPATH_SEARCH_PATHS = "$(inherited) @executable_path/Frameworks";
				PRODUCT_BUNDLE_IDENTIFIER = "com.razvanbalint.$(PRODUCT_NAME:rfc1034identifier)";
				PRODUCT_NAME = "$(TARGET_NAME)";
				PROVISIONING_PROFILE = "";
			};
			name = Release;
		};
		E521F6B61B5DA9E5006AA29B /* Debug */ = {
			isa = XCBuildConfiguration;
			buildSettings = {
				BUNDLE_LOADER = "$(TEST_HOST)";
				FRAMEWORK_SEARCH_PATHS = (
					"$(SDKROOT)/Developer/Library/Frameworks",
					"$(inherited)",
				);
				GCC_PREPROCESSOR_DEFINITIONS = (
					"DEBUG=1",
					"$(inherited)",
				);
				INFOPLIST_FILE = SniffTests/Info.plist;
				LD_RUNPATH_SEARCH_PATHS = "$(inherited) @executable_path/Frameworks @loader_path/Frameworks";
				PRODUCT_BUNDLE_IDENTIFIER = "com.razvanbalint.$(PRODUCT_NAME:rfc1034identifier)";
				PRODUCT_NAME = "$(TARGET_NAME)";
				TEST_HOST = "$(BUILT_PRODUCTS_DIR)/Sniff.app/Sniff";
			};
			name = Debug;
		};
		E521F6B71B5DA9E5006AA29B /* Release */ = {
			isa = XCBuildConfiguration;
			buildSettings = {
				BUNDLE_LOADER = "$(TEST_HOST)";
				FRAMEWORK_SEARCH_PATHS = (
					"$(SDKROOT)/Developer/Library/Frameworks",
					"$(inherited)",
				);
				INFOPLIST_FILE = SniffTests/Info.plist;
				LD_RUNPATH_SEARCH_PATHS = "$(inherited) @executable_path/Frameworks @loader_path/Frameworks";
				PRODUCT_BUNDLE_IDENTIFIER = "com.razvanbalint.$(PRODUCT_NAME:rfc1034identifier)";
				PRODUCT_NAME = "$(TARGET_NAME)";
				TEST_HOST = "$(BUILT_PRODUCTS_DIR)/Sniff.app/Sniff";
			};
			name = Release;
		};
/* End XCBuildConfiguration section */

/* Begin XCConfigurationList section */
		E521F68A1B5DA9E4006AA29B /* Build configuration list for PBXProject "Sniff" */ = {
			isa = XCConfigurationList;
			buildConfigurations = (
				E521F6B01B5DA9E5006AA29B /* Debug */,
				E521F6B11B5DA9E5006AA29B /* Release */,
			);
			defaultConfigurationIsVisible = 0;
			defaultConfigurationName = Release;
		};
		E521F6B21B5DA9E5006AA29B /* Build configuration list for PBXNativeTarget "Sniff" */ = {
			isa = XCConfigurationList;
			buildConfigurations = (
				E521F6B31B5DA9E5006AA29B /* Debug */,
				E521F6B41B5DA9E5006AA29B /* Release */,
			);
			defaultConfigurationIsVisible = 0;
			defaultConfigurationName = Release;
		};
		E521F6B51B5DA9E5006AA29B /* Build configuration list for PBXNativeTarget "SniffTests" */ = {
			isa = XCConfigurationList;
			buildConfigurations = (
				E521F6B61B5DA9E5006AA29B /* Debug */,
				E521F6B71B5DA9E5006AA29B /* Release */,
			);
			defaultConfigurationIsVisible = 0;
			defaultConfigurationName = Release;
		};
/* End XCConfigurationList section */
	};
	rootObject = E521F6871B5DA9E4006AA29B /* Project object */;
}
